
Microsoft Visual Studio Solution File, Format Version 12.00
# Visual Studio 15
VisualStudioVersion = 15.0.28010.2016
MinimumVisualStudioVersion = 10.0.40219.1
Project("{FAE04EC0-301F-11D3-BF4B-00C04F79EFBC}") = "FunctionAppContinuousdeployment", "FunctionApp1\FunctionAppContinuousdeployment.csproj", "{0E5A1952-724A-4817-A417-E516BDDDADCE}"
EndProject
Global
	GlobalSection(SolutionConfigurationPlatforms) = preSolution
		Debug|Any CPU = Debug|Any CPU
		Release|Any CPU = Release|Any CPU
	EndGlobalSection
	GlobalSection(ProjectConfigurationPlatforms) = postSolution
		{0E5A1952-724A-4817-A417-E516BDDDADCE}.Debug|Any CPU.ActiveCfg = Debug|Any CPU
		{0E5A1952-724A-4817-A417-E516BDDDADCE}.Debug|Any CPU.Build.0 = Debug|Any CPU
		{0E5A1952-724A-4817-A417-E516BDDDADCE}.Release|Any CPU.ActiveCfg = Release|Any CPU
		{0E5A1952-724A-4817-A417-E516BDDDADCE}.Release|Any CPU.Build.0 = Release|Any CPU
	EndGlobalSection
	GlobalSection(SolutionProperties) = preSolution
		HideSolutionNode = FALSE
	EndGlobalSection
	GlobalSection(ExtensibilityGlobals) = postSolution
		SolutionGuid = {37081826-1695-4DC2-BFA5-424A495BEB2D}
	EndGlobalSection
EndGlobal
